// !$*UTF8*$!
{
	archiveVersion = 1;
	classes = {
	};
	objectVersion = 52;
	objects = {

/* Begin PBXBuildFile section */
		79A7E3E226252A5A00DBA0AB /* AppDelegate.swift in Sources */ = {isa = PBXBuildFile; fileRef = 79A7E3E126252A5A00DBA0AB /* AppDelegate.swift */; };
		79A7E3E426252A5A00DBA0AB /* SceneDelegate.swift in Sources */ = {isa = PBXBuildFile; fileRef = 79A7E3E326252A5A00DBA0AB /* SceneDelegate.swift */; };
		79A7E3E626252A5A00DBA0AB /* ViewController.swift in Sources */ = {isa = PBXBuildFile; fileRef = 79A7E3E526252A5A00DBA0AB /* ViewController.swift */; };
		79A7E3E926252A5A00DBA0AB /* Main.storyboard in Resources */ = {isa = PBXBuildFile; fileRef = 79A7E3E726252A5A00DBA0AB /* Main.storyboard */; };
		79A7E3EB26252A5D00DBA0AB /* Assets.xcassets in Resources */ = {isa = PBXBuildFile; fileRef = 79A7E3EA26252A5D00DBA0AB /* Assets.xcassets */; };
		79A7E3EE26252A5D00DBA0AB /* LaunchScreen.storyboard in Resources */ = {isa = PBXBuildFile; fileRef = 79A7E3EC26252A5D00DBA0AB /* LaunchScreen.storyboard */; };
		FF190CA627A5DDCF006D88D8 /* AlterCore.xcframework in Frameworks */ = {isa = PBXBuildFile; fileRef = FF190CA527A5DDCF006D88D8 /* AlterCore.xcframework */; };
		FF190CA727A5DDCF006D88D8 /* AlterCore.xcframework in Embed Frameworks */ = {isa = PBXBuildFile; fileRef = FF190CA527A5DDCF006D88D8 /* AlterCore.xcframework */; settings = {ATTRIBUTES = (CodeSignOnCopy, RemoveHeadersOnCopy, ); }; };
/* End PBXBuildFile section */

/* Begin PBXCopyFilesBuildPhase section */
		79A7E3FF26252E0300DBA0AB /* Embed Frameworks */ = {
			isa = PBXCopyFilesBuildPhase;
			buildActionMask = 2147483647;
			dstPath = "";
			dstSubfolderSpec = 10;
			files = (
				FF190CA727A5DDCF006D88D8 /* AlterCore.xcframework in Embed Frameworks */,
			);
			name = "Embed Frameworks";
			runOnlyForDeploymentPostprocessing = 0;
		};
/* End PBXCopyFilesBuildPhase section */

/* Begin PBXFileReference section */
		79A7E3DE26252A5A00DBA0AB /* AlterCoreDemo.app */ = {isa = PBXFileReference; explicitFileType = wrapper.application; includeInIndex = 0; path = AlterCoreDemo.app; sourceTree = BUILT_PRODUCTS_DIR; };
		79A7E3E126252A5A00DBA0AB /* AppDelegate.swift */ = {isa = PBXFileReference; lastKnownFileType = sourcecode.swift; path = AppDelegate.swift; sourceTree = "<group>"; };
		79A7E3E326252A5A00DBA0AB /* SceneDelegate.swift */ = {isa = PBXFileReference; lastKnownFileType = sourcecode.swift; path = SceneDelegate.swift; sourceTree = "<group>"; };
		79A7E3E526252A5A00DBA0AB /* ViewController.swift */ = {isa = PBXFileReference; lastKnownFileType = sourcecode.swift; path = ViewController.swift; sourceTree = "<group>"; };
		79A7E3E826252A5A00DBA0AB /* Base */ = {isa = PBXFileReference; lastKnownFileType = file.storyboard; name = Base; path = Base.lproj/Main.storyboard; sourceTree = "<group>"; };
		79A7E3EA26252A5D00DBA0AB /* Assets.xcassets */ = {isa = PBXFileReference; lastKnownFileType = folder.assetcatalog; path = Assets.xcassets; sourceTree = "<group>"; };
		79A7E3ED26252A5D00DBA0AB /* Base */ = {isa = PBXFileReference; lastKnownFileType = file.storyboard; name = Base; path = Base.lproj/LaunchScreen.storyboard; sourceTree = "<group>"; };
		79A7E3EF26252A5D00DBA0AB /* Info.plist */ = {isa = PBXFileReference; lastKnownFileType = text.plist.xml; path = Info.plist; sourceTree = "<group>"; };
		FF190CA527A5DDCF006D88D8 /* AlterCore.xcframework */ = {isa = PBXFileReference; lastKnownFileType = wrapper.xcframework; name = AlterCore.xcframework; path = ../frameworks/AlterCore.xcframework; sourceTree = "<group>"; };
/* End PBXFileReference section */

/* Begin PBXFrameworksBuildPhase section */
		79A7E3DB26252A5A00DBA0AB /* Frameworks */ = {
			isa = PBXFrameworksBuildPhase;
			buildActionMask = 2147483647;
			files = (
				FF190CA627A5DDCF006D88D8 /* AlterCore.xcframework in Frameworks */,
			);
			runOnlyForDeploymentPostprocessing = 0;
		};
/* End PBXFrameworksBuildPhase section */

/* Begin PBXGroup section */
		79A7E3D526252A5900DBA0AB = {
			isa = PBXGroup;
			children = (
				79A7E3E026252A5A00DBA0AB /* AlterCoreDemo */,
				79A7E3DF26252A5A00DBA0AB /* Products */,
				FF190CA427A5DDCF006D88D8 /* Frameworks */,
			);
			sourceTree = "<group>";
		};
		79A7E3DF26252A5A00DBA0AB /* Products */ = {
			isa = PBXGroup;
			children = (
				79A7E3DE26252A5A00DBA0AB /* AlterCoreDemo.app */,
			);
			name = Products;
			sourceTree = "<group>";
		};
		79A7E3E026252A5A00DBA0AB /* AlterCoreDemo */ = {
			isa = PBXGroup;
			children = (
				79A7E3E126252A5A00DBA0AB /* AppDelegate.swift */,
				79A7E3E326252A5A00DBA0AB /* SceneDelegate.swift */,
				79A7E3E526252A5A00DBA0AB /* ViewController.swift */,
				79A7E3E726252A5A00DBA0AB /* Main.storyboard */,
				79A7E3EA26252A5D00DBA0AB /* Assets.xcassets */,
				79A7E3EC26252A5D00DBA0AB /* LaunchScreen.storyboard */,
				79A7E3EF26252A5D00DBA0AB /* Info.plist */,
			);
			path = AlterCoreDemo;
			sourceTree = "<group>";
		};
		FF190CA427A5DDCF006D88D8 /* Frameworks */ = {
			isa = PBXGroup;
			children = (
				FF190CA527A5DDCF006D88D8 /* AlterCore.xcframework */,
			);
			name = Frameworks;
			sourceTree = "<group>";
		};
/* End PBXGroup section */

/* Begin PBXNativeTarget section */
		79A7E3DD26252A5A00DBA0AB /* AlterCoreDemo */ = {
			isa = PBXNativeTarget;
			buildConfigurationList = 79A7E3F226252A5D00DBA0AB /* Build configuration list for PBXNativeTarget "AlterCoreDemo" */;
			buildPhases = (
				79A7E3DA26252A5A00DBA0AB /* Sources */,
				79A7E3DB26252A5A00DBA0AB /* Frameworks */,
				79A7E3DC26252A5A00DBA0AB /* Resources */,
				79A7E3FF26252E0300DBA0AB /* Embed Frameworks */,
			);
			buildRules = (
			);
			dependencies = (
			);
			name = AlterCoreDemo;
			packageProductDependencies = (
			);
			productName = FacemojiCoreDemo;
			productReference = 79A7E3DE26252A5A00DBA0AB /* AlterCoreDemo.app */;
			productType = "com.apple.product-type.application";
		};
/* End PBXNativeTarget section */

/* Begin PBXProject section */
		79A7E3D626252A5900DBA0AB /* Project object */ = {
			isa = PBXProject;
			attributes = {
				LastSwiftUpdateCheck = 1240;
				LastUpgradeCheck = 1240;
				TargetAttributes = {
					79A7E3DD26252A5A00DBA0AB = {
						CreatedOnToolsVersion = 12.4;
					};
				};
			};
			buildConfigurationList = 79A7E3D926252A5A00DBA0AB /* Build configuration list for PBXProject "AlterCoreDemo" */;
			compatibilityVersion = "Xcode 9.3";
			developmentRegion = en;
			hasScannedForEncodings = 0;
			knownRegions = (
				en,
				Base,
			);
			mainGroup = 79A7E3D526252A5900DBA0AB;
			packageReferences = (
			);
			productRefGroup = 79A7E3DF26252A5A00DBA0AB /* Products */;
			projectDirPath = "";
			projectRoot = "";
			targets = (
				79A7E3DD26252A5A00DBA0AB /* AlterCoreDemo */,
			);
		};
/* End PBXProject section */

/* Begin PBXResourcesBuildPhase section */
		79A7E3DC26252A5A00DBA0AB /* Resources */ = {
			isa = PBXResourcesBuildPhase;
			buildActionMask = 2147483647;
			files = (
				79A7E3EE26252A5D00DBA0AB /* LaunchScreen.storyboard in Resources */,
				79A7E3EB26252A5D00DBA0AB /* Assets.xcassets in Resources */,
				79A7E3E926252A5A00DBA0AB /* Main.storyboard in Resources */,
			);
			runOnlyForDeploymentPostprocessing = 0;
		};
/* End PBXResourcesBuildPhase section */

/* Begin PBXSourcesBuildPhase section */
		79A7E3DA26252A5A00DBA0AB /* Sources */ = {
			isa = PBXSourcesBuildPhase;
			buildActionMask = 2147483647;
			files = (
				79A7E3E626252A5A00DBA0AB /* ViewController.swift in Sources */,
				79A7E3E226252A5A00DBA0AB /* AppDelegate.swift in Sources */,
				79A7E3E426252A5A00DBA0AB /* SceneDelegate.swift in Sources */,
			);
			runOnlyForDeploymentPostprocessing = 0;
		};
/* End PBXSourcesBuildPhase section */

/* Begin PBXVariantGroup section */
		79A7E3E726252A5A00DBA0AB /* Main.storyboard */ = {
			isa = PBXVariantGroup;
			children = (
				79A7E3E826252A5A00DBA0AB /* Base */,
			);
			name = Main.storyboard;
			sourceTree = "<group>";
		};
		79A7E3EC26252A5D00DBA0AB /* LaunchScreen.storyboard */ = {
			isa = PBXVariantGroup;
			children = (
				79A7E3ED26252A5D00DBA0AB /* Base */,
			);
			name = LaunchScreen.storyboard;
			sourceTree = "<group>";
		};
/* End PBXVariantGroup section */

/* Begin XCBuildConfiguration section */
		79A7E3F026252A5D00DBA0AB /* Debug */ = {
			isa = XCBuildConfiguration;
			buildSettings = {
				ALWAYS_SEARCH_USER_PATHS = NO;
				CLANG_ANALYZER_NONNULL = YES;
				CLANG_ANALYZER_NUMBER_OBJECT_CONVERSION = YES_AGGRESSIVE;
				CLANG_CXX_LANGUAGE_STANDARD = "gnu++14";
				CLANG_CXX_LIBRARY = "libc++";
				CLANG_ENABLE_MODULES = YES;
				CLANG_ENABLE_OBJC_ARC = YES;
				CLANG_ENABLE_OBJC_WEAK = YES;
				CLANG_WARN_BLOCK_CAPTURE_AUTORELEASING = YES;
				CLANG_WARN_BOOL_CONVERSION = YES;
				CLANG_WARN_COMMA = YES;
				CLANG_WARN_CONSTANT_CONVERSION = YES;
				CLANG_WARN_DEPRECATED_OBJC_IMPLEMENTATIONS = YES;
				CLANG_WARN_DIRECT_OBJC_ISA_USAGE = YES_ERROR;
				CLANG_WARN_DOCUMENTATION_COMMENTS = YES;
				CLANG_WARN_EMPTY_BODY = YES;
				CLANG_WARN_ENUM_CONVERSION = YES;
				CLANG_WARN_INFINITE_RECURSION = YES;
				CLANG_WARN_INT_CONVERSION = YES;
				CLANG_WARN_NON_LITERAL_NULL_CONVERSION = YES;
				CLANG_WARN_OBJC_IMPLICIT_RETAIN_SELF = YES;
				CLANG_WARN_OBJC_LITERAL_CONVERSION = YES;
				CLANG_WARN_OBJC_ROOT_CLASS = YES_ERROR;
				CLANG_WARN_QUOTED_INCLUDE_IN_FRAMEWORK_HEADER = YES;
				CLANG_WARN_RANGE_LOOP_ANALYSIS = YES;
				CLANG_WARN_STRICT_PROTOTYPES = YES;
				CLANG_WARN_SUSPICIOUS_MOVE = YES;
				CLANG_WARN_UNGUARDED_AVAILABILITY = YES_AGGRESSIVE;
				CLANG_WARN_UNREACHABLE_CODE = YES;
				CLANG_WARN__DUPLICATE_METHOD_MATCH = YES;
				COPY_PHASE_STRIP = NO;
				DEBUG_INFORMATION_FORMAT = dwarf;
				ENABLE_STRICT_OBJC_MSGSEND = YES;
				ENABLE_TESTABILITY = YES;
				GCC_C_LANGUAGE_STANDARD = gnu11;
				GCC_DYNAMIC_NO_PIC = NO;
				GCC_NO_COMMON_BLOCKS = YES;
				GCC_OPTIMIZATION_LEVEL = 0;
				GCC_PREPROCESSOR_DEFINITIONS = (
					"DEBUG=1",
					"$(inherited)",
				);
				GCC_WARN_64_TO_32_BIT_CONVERSION = YES;
				GCC_WARN_ABOUT_RETURN_TYPE = YES_ERROR;
				GCC_WARN_UNDECLARED_SELECTOR = YES;
				GCC_WARN_UNINITIALIZED_AUTOS = YES_AGGRESSIVE;
				GCC_WARN_UNUSED_FUNCTION = YES;
				GCC_WARN_UNUSED_VARIABLE = YES;
				INFOPLIST_FILE = "$(SRCROOT)/AlterCoreDemo/Info.plist";
				IPHONEOS_DEPLOYMENT_TARGET = 13.0;
				MTL_ENABLE_DEBUG_INFO = INCLUDE_SOURCE;
				MTL_FAST_MATH = YES;
				ONLY_ACTIVE_ARCH = YES;
				SDKROOT = iphoneos;
				SWIFT_ACTIVE_COMPILATION_CONDITIONS = DEBUG;
				SWIFT_OPTIMIZATION_LEVEL = "-Onone";
			};
			name = Debug;
		};
		79A7E3F126252A5D00DBA0AB /* Release */ = {
			isa = XCBuildConfiguration;
			buildSettings = {
				ALWAYS_SEARCH_USER_PATHS = NO;
				CLANG_ANALYZER_NONNULL = YES;
				CLANG_ANALYZER_NUMBER_OBJECT_CONVERSION = YES_AGGRESSIVE;
				CLANG_CXX_LANGUAGE_STANDARD = "gnu++14";
				CLANG_CXX_LIBRARY = "libc++";
				CLANG_ENABLE_MODULES = YES;
				CLANG_ENABLE_OBJC_ARC = YES;
				CLANG_ENABLE_OBJC_WEAK = YES;
				CLANG_WARN_BLOCK_CAPTURE_AUTORELEASING = YES;
				CLANG_WARN_BOOL_CONVERSION = YES;
				CLANG_WARN_COMMA = YES;
				CLANG_WARN_CONSTANT_CONVERSION = YES;
				CLANG_WARN_DEPRECATED_OBJC_IMPLEMENTATIONS = YES;
				CLANG_WARN_DIRECT_OBJC_ISA_USAGE = YES_ERROR;
				CLANG_WARN_DOCUMENTATION_COMMENTS = YES;
				CLANG_WARN_EMPTY_BODY = YES;
				CLANG_WARN_ENUM_CONVERSION = YES;
				CLANG_WARN_INFINITE_RECURSION = YES;
				CLANG_WARN_INT_CONVERSION = YES;
				CLANG_WARN_NON_LITERAL_NULL_CONVERSION = YES;
				CLANG_WARN_OBJC_IMPLICIT_RETAIN_SELF = YES;
				CLANG_WARN_OBJC_LITERAL_CONVERSION = YES;
				CLANG_WARN_OBJC_ROOT_CLASS = YES_ERROR;
				CLANG_WARN_QUOTED_INCLUDE_IN_FRAMEWORK_HEADER = YES;
				CLANG_WARN_RANGE_LOOP_ANALYSIS = YES;
				CLANG_WARN_STRICT_PROTOTYPES = YES;
				CLANG_WARN_SUSPICIOUS_MOVE = YES;
				CLANG_WARN_UNGUARDED_AVAILABILITY = YES_AGGRESSIVE;
				CLANG_WARN_UNREACHABLE_CODE = YES;
				CLANG_WARN__DUPLICATE_METHOD_MATCH = YES;
				COPY_PHASE_STRIP = NO;
				DEBUG_INFORMATION_FORMAT = "dwarf-with-dsym";
				ENABLE_NS_ASSERTIONS = NO;
				ENABLE_STRICT_OBJC_MSGSEND = YES;
				GCC_C_LANGUAGE_STANDARD = gnu11;
				GCC_NO_COMMON_BLOCKS = YES;
				GCC_WARN_64_TO_32_BIT_CONVERSION = YES;
				GCC_WARN_ABOUT_RETURN_TYPE = YES_ERROR;
				GCC_WARN_UNDECLARED_SELECTOR = YES;
				GCC_WARN_UNINITIALIZED_AUTOS = YES_AGGRESSIVE;
				GCC_WARN_UNUSED_FUNCTION = YES;
				GCC_WARN_UNUSED_VARIABLE = YES;
				INFOPLIST_FILE = "$(SRCROOT)/AlterCoreDemo/Info.plist";
				IPHONEOS_DEPLOYMENT_TARGET = 13.0;
				MTL_ENABLE_DEBUG_INFO = NO;
				MTL_FAST_MATH = YES;
				SDKROOT = iphoneos;
				SWIFT_COMPILATION_MODE = wholemodule;
				SWIFT_OPTIMIZATION_LEVEL = "-O";
				VALIDATE_PRODUCT = YES;
			};
			name = Release;
		};
		79A7E3F326252A5D00DBA0AB /* Debug */ = {
			isa = XCBuildConfiguration;
			buildSettings = {
				ASSETCATALOG_COMPILER_APPICON_NAME = AppIcon;
				ASSETCATALOG_COMPILER_GLOBAL_ACCENT_COLOR_NAME = AccentColor;
				CODE_SIGN_STYLE = Automatic;
				DEVELOPMENT_TEAM = 245YPQSN66;
				INFOPLIST_FILE = "$(inherited)";
				IPHONEOS_DEPLOYMENT_TARGET = 13.0;
				LD_RUNPATH_SEARCH_PATHS = (
					"$(inherited)",
					"@executable_path/Frameworks",
				);
				PRODUCT_BUNDLE_IDENTIFIER = alter.AlterCoreDemo;
				PRODUCT_NAME = "$(TARGET_NAME)";
				SWIFT_VERSION = 5.0;
				TARGETED_DEVICE_FAMILY = "1,2";
			};
			name = Debug;
		};
		79A7E3F426252A5D00DBA0AB /* Release */ = {
			isa = XCBuildConfiguration;
			buildSettings = {
				ASSETCATALOG_COMPILER_APPICON_NAME = AppIcon;
				ASSETCATALOG_COMPILER_GLOBAL_ACCENT_COLOR_NAME = AccentColor;
				CODE_SIGN_STYLE = Automatic;
				DEVELOPMENT_TEAM = 245YPQSN66;
				INFOPLIST_FILE = "$(inherited)";
				IPHONEOS_DEPLOYMENT_TARGET = 13.0;
				LD_RUNPATH_SEARCH_PATHS = (
					"$(inherited)",
					"@executable_path/Frameworks",
				);
				PRODUCT_BUNDLE_IDENTIFIER = alter.AlterCoreDemo;
				PRODUCT_NAME = "$(TARGET_NAME)";
				SWIFT_VERSION = 5.0;
				TARGETED_DEVICE_FAMILY = "1,2";
			};
			name = Release;
		};
/* End XCBuildConfiguration section */

/* Begin XCConfigurationList section */
		79A7E3D926252A5A00DBA0AB /* Build configuration list for PBXProject "AlterCoreDemo" */ = {
			isa = XCConfigurationList;
			buildConfigurations = (
				79A7E3F026252A5D00DBA0AB /* Debug */,
				79A7E3F126252A5D00DBA0AB /* Release */,
			);
			defaultConfigurationIsVisible = 0;
			defaultConfigurationName = Release;
		};
		79A7E3F226252A5D00DBA0AB /* Build configuration list for PBXNativeTarget "AlterCoreDemo" */ = {
			isa = XCConfigurationList;
			buildConfigurations = (
				79A7E3F326252A5D00DBA0AB /* Debug */,
				79A7E3F426252A5D00DBA0AB /* Release */,
			);
			defaultConfigurationIsVisible = 0;
			defaultConfigurationName = Release;
		};
/* End XCConfigurationList section */
	};
	rootObject = 79A7E3D626252A5900DBA0AB /* Project object */;
}
